{
    "_readme": [
        "This file locks the dependencies of your project to a known state",
        "Read more about it at https://getcomposer.org/doc/01-basic-usage.md#composer-lock-the-lock-file",
        "This file is @generated automatically"
    ],
    "content-hash": "be063050f553d46474cc89c4888bb54e",
    "packages": [],
    "packages-dev": [
        {
            "name": "hongyukeji/hplus",
            "version": "1.0.1",
            "source": {
                "type": "git",
                "url": "https://github.com/hongyukeji/Hplus.git",
                "reference": "98c2f83107aedf0ce433ba31783f0ecebb1618e9"
            },
            "dist": {
                "type": "zip",
                "url": "https://packagist.phpcomposer.com/files/hongyukeji/Hplus/98c2f83107aedf0ce433ba31783f0ecebb1618e9.zip",
                "reference": "98c2f83107aedf0ce433ba31783f0ecebb1618e9",
                "shasum": ""
            },
            "require": {
                "php": ">=5.3.0"
            },
            "require-dev": {
                "hongyukeji/hplus": "*"
            },
            "type": "library",
            "autoload": {
                "psr-4": {
                    "Silk\\": "lib"
                }
            },
            "notification-url": "https://packagist.org/downloads/",
            "license": [
                "MIT"
            ],
            "authors": [
                {
                    "name": "Shadow",
                    "email": "admin@hongyuvip.com",
                    "homepage": "http://www.hongyuvip.com",
                    "role": "Engineer"
                }
            ],
            "description": "Html5 Advanced Project Template",
            "homepage": "http://www.hongyuvip.com ",
            "keywords": [
                "advanced",
                "hplus",
                "project template"
            ],
            "time": "2016-11-09T00:00:00+00:00"
        }
    ],
    "aliases": [],
    "minimum-stability": "dev",
    "stability-flags": [],
    "prefer-stable": false,
    "prefer-lowest": false,
    "platform": {
        "php": ">=5.3.0"
    },
    "platform-dev": []
}
